
Microsoft Visual Studio Solution File, Format Version 12.00
# Visual Studio Version 17
VisualStudioVersion = 17.6.33815.320
MinimumVisualStudioVersion = 10.0.40219.1
Project("{9A19103F-16F7-4668-BE54-9A1E7A4F7556}") = "ProductManager.Domain", "ProductManager.Domain\ProductManager.Domain.csproj", "{AB11977B-BD77-41F7-A77E-BCF085753964}"
EndProject
Project("{9A19103F-16F7-4668-BE54-9A1E7A4F7556}") = "ProductManager.Application", "ProductManager.Application\ProductManager.Application.csproj", "{304B1E03-3128-4F05-A4C8-95C7B3C71BBB}"
EndProject
Project("{9A19103F-16F7-4668-BE54-9A1E7A4F7556}") = "ProductManager.Infrastructure", "ProductManager.Infrastructure\ProductManager.Infrastructure.csproj", "{6E930BA7-EECA-46EE-9CA8-C3D9FFE96D24}"
EndProject
Project("{9A19103F-16F7-4668-BE54-9A1E7A4F7556}") = "ProductManager.API", "ProductManager.API\ProductManager.API.csproj", "{4A2E2619-B069-4DCC-A240-07D77BB5EE9F}"
EndProject
Global
	GlobalSection(SolutionConfigurationPlatforms) = preSolution
		Debug|Any CPU = Debug|Any CPU
		Release|Any CPU = Release|Any CPU
	EndGlobalSection
	GlobalSection(ProjectConfigurationPlatforms) = postSolution
		{AB11977B-BD77-41F7-A77E-BCF085753964}.Debug|Any CPU.ActiveCfg = Debug|Any CPU
		{AB11977B-BD77-41F7-A77E-BCF085753964}.Debug|Any CPU.Build.0 = Debug|Any CPU
		{AB11977B-BD77-41F7-A77E-BCF085753964}.Release|Any CPU.ActiveCfg = Release|Any CPU
		{AB11977B-BD77-41F7-A77E-BCF085753964}.Release|Any CPU.Build.0 = Release|Any CPU
		{304B1E03-3128-4F05-A4C8-95C7B3C71BBB}.Debug|Any CPU.ActiveCfg = Debug|Any CPU
		{304B1E03-3128-4F05-A4C8-95C7B3C71BBB}.Debug|Any CPU.Build.0 = Debug|Any CPU
		{304B1E03-3128-4F05-A4C8-95C7B3C71BBB}.Release|Any CPU.ActiveCfg = Release|Any CPU
		{304B1E03-3128-4F05-A4C8-95C7B3C71BBB}.Release|Any CPU.Build.0 = Release|Any CPU
		{6E930BA7-EECA-46EE-9CA8-C3D9FFE96D24}.Debug|Any CPU.ActiveCfg = Debug|Any CPU
		{6E930BA7-EECA-46EE-9CA8-C3D9FFE96D24}.Debug|Any CPU.Build.0 = Debug|Any CPU
		{6E930BA7-EECA-46EE-9CA8-C3D9FFE96D24}.Release|Any CPU.ActiveCfg = Release|Any CPU
		{6E930BA7-EECA-46EE-9CA8-C3D9FFE96D24}.Release|Any CPU.Build.0 = Release|Any CPU
		{4A2E2619-B069-4DCC-A240-07D77BB5EE9F}.Debug|Any CPU.ActiveCfg = Debug|Any CPU
		{4A2E2619-B069-4DCC-A240-07D77BB5EE9F}.Debug|Any CPU.Build.0 = Debug|Any CPU
		{4A2E2619-B069-4DCC-A240-07D77BB5EE9F}.Release|Any CPU.ActiveCfg = Release|Any CPU
		{4A2E2619-B069-4DCC-A240-07D77BB5EE9F}.Release|Any CPU.Build.0 = Release|Any CPU
	EndGlobalSection
	GlobalSection(SolutionProperties) = preSolution
		HideSolutionNode = FALSE
	EndGlobalSection
	GlobalSection(ExtensibilityGlobals) = postSolution
		SolutionGuid = {17F6F300-57EB-4A73-AA13-9C5670B37062}
	EndGlobalSection
EndGlobal
